
Microsoft Visual Studio Solution File, Format Version 12.00
# Visual Studio Version 17
VisualStudioVersion = 17.10.35013.160
MinimumVisualStudioVersion = 10.0.40219.1
Project("{FAE04EC0-301F-11D3-BF4B-00C04F79EFBC}") = "WebSocket", "WebSocket.csproj", "{CCC0180A-1AA9-4170-A553-141A022F878B}"
EndProject
Project("{FAE04EC0-301F-11D3-BF4B-00C04F79EFBC}") = "AtteckServer", "..\AtteckServer\AtteckServer.csproj", "{00BE19E6-4E92-409F-861C-73EE0B35F868}"
EndProject
Project("{FAE04EC0-301F-11D3-BF4B-00C04F79EFBC}") = "CliantSocket", "..\CliantSocket\CliantSocket.csproj", "{2A0EEF2C-FDA3-45F7-B00D-75671678C4C7}"
EndProject
Global
	GlobalSection(SolutionConfigurationPlatforms) = preSolution
		Debug|Any CPU = Debug|Any CPU
		Release|Any CPU = Release|Any CPU
	EndGlobalSection
	GlobalSection(ProjectConfigurationPlatforms) = postSolution
		{CCC0180A-1AA9-4170-A553-141A022F878B}.Debug|Any CPU.ActiveCfg = Debug|Any CPU
		{CCC0180A-1AA9-4170-A553-141A022F878B}.Debug|Any CPU.Build.0 = Debug|Any CPU
		{CCC0180A-1AA9-4170-A553-141A022F878B}.Release|Any CPU.ActiveCfg = Release|Any CPU
		{CCC0180A-1AA9-4170-A553-141A022F878B}.Release|Any CPU.Build.0 = Release|Any CPU
		{00BE19E6-4E92-409F-861C-73EE0B35F868}.Debug|Any CPU.ActiveCfg = Debug|Any CPU
		{00BE19E6-4E92-409F-861C-73EE0B35F868}.Debug|Any CPU.Build.0 = Debug|Any CPU
		{00BE19E6-4E92-409F-861C-73EE0B35F868}.Release|Any CPU.ActiveCfg = Release|Any CPU
		{00BE19E6-4E92-409F-861C-73EE0B35F868}.Release|Any CPU.Build.0 = Release|Any CPU
		{2A0EEF2C-FDA3-45F7-B00D-75671678C4C7}.Debug|Any CPU.ActiveCfg = Debug|Any CPU
		{2A0EEF2C-FDA3-45F7-B00D-75671678C4C7}.Debug|Any CPU.Build.0 = Debug|Any CPU
		{2A0EEF2C-FDA3-45F7-B00D-75671678C4C7}.Release|Any CPU.ActiveCfg = Release|Any CPU
		{2A0EEF2C-FDA3-45F7-B00D-75671678C4C7}.Release|Any CPU.Build.0 = Release|Any CPU
	EndGlobalSection
	GlobalSection(SolutionProperties) = preSolution
		HideSolutionNode = FALSE
	EndGlobalSection
	GlobalSection(ExtensibilityGlobals) = postSolution
		SolutionGuid = {873066C5-5F1E-4EE8-840E-F860BED66C88}
	EndGlobalSection
EndGlobal
